
Microsoft Visual Studio Solution File, Format Version 12.00
# Visual Studio Version 17
VisualStudioVersion = 17.8.34309.116
MinimumVisualStudioVersion = 10.0.40219.1
Project("{FAE04EC0-301F-11D3-BF4B-00C04F79EFBC}") = "Workshop4_1", "Workshop4_1\Workshop4_1.csproj", "{0BBB708A-004C-42C4-9366-AF580A47AAC9}"
EndProject
Global
	GlobalSection(SolutionConfigurationPlatforms) = preSolution
		Debug|Any CPU = Debug|Any CPU
		Release|Any CPU = Release|Any CPU
	EndGlobalSection
	GlobalSection(ProjectConfigurationPlatforms) = postSolution
		{0BBB708A-004C-42C4-9366-AF580A47AAC9}.Debug|Any CPU.ActiveCfg = Debug|Any CPU
		{0BBB708A-004C-42C4-9366-AF580A47AAC9}.Debug|Any CPU.Build.0 = Debug|Any CPU
		{0BBB708A-004C-42C4-9366-AF580A47AAC9}.Release|Any CPU.ActiveCfg = Release|Any CPU
		{0BBB708A-004C-42C4-9366-AF580A47AAC9}.Release|Any CPU.Build.0 = Release|Any CPU
	EndGlobalSection
	GlobalSection(SolutionProperties) = preSolution
		HideSolutionNode = FALSE
	EndGlobalSection
	GlobalSection(ExtensibilityGlobals) = postSolution
		SolutionGuid = {8E53802F-4BBA-48E8-8C03-E71F9CECBF0E}
	EndGlobalSection
EndGlobal
